# This file is automatically @generated by Cargo.
# It is not intended for manual editing.
version = 4

[[package]]
name = "bitflags"
version = "2.8.0"
source = "registry+https://github.com/rust-lang/crates.io-index"
checksum = "8f68f53c83ab957f72c32642f3868eec03eb974d1fb82e453128456482613d36"

[[package]]
name = "hosttest"
version = "0.1.0"
dependencies = [
 "wit-bindgen-rt",
]

[[package]]
name = "wit-bindgen-rt"
version = "0.38.0"
source = "registry+https://github.com/rust-lang/crates.io-index"
checksum = "ed6f8d372a2d4a1227f2556e051cc24b2a5f15768d53451c84ff91e2527139e3"
dependencies = [
 "bitflags",
]
